{
    "name": "aiService",
    "version": "1.0.0",
    "lockfileVersion": 3,
    "requires": true,
    "packages": {
        "": {
            "name": "aiService",
            "version": "1.0.0",
            "license": "ISC",
            "dependencies": {
                "wx-server-sdk": "latest"
            }
        },
        "node_modules/@cloudbase/adapter-interface": {
            "version": "0.7.1",
            "license": "ISC"
        },
        "node_modules/@cloudbase/adapter-wx_mp": {
            "version": "1.2.1",
            "license": "ISC",
            "dependencies": {
                "@cloudbase/adapter-interface": "^0.7.1",
                "web-streams-polyfill": "^4.0.0"
            }
        },
        "node_modules/@cloudbase/ai": {
            "version": "2.25.4",
            "license": "Apache-2.0",
            "dependencies": {
                "@cloudbase/types": "2.25.4",
                "@cloudbase/utilities": "2.25.4",
                "@mattiasbuelens/web-streams-adapter": "^0.1.0",
                "text-encoding-shim": "^1.0.5",
                "web-streams-polyfill": "^4.0.0"
            }
        },
        "node_modules/@cloudbase/app": {
            "version": "2.25.4",
            "license": "Apache-2.0",
            "dependencies": {
                "@cloudbase/adapter-interface": "^0.7.1",
                "@cloudbase/adapter-wx_mp": "^1.2.1",
                "@cloudbase/types": "2.25.4",
                "@cloudbase/utilities": "2.25.4"
            }
        },
        "node_modules/@cloudbase/database": {
            "version": "1.4.2",
            "license": "ISC",
            "dependencies": {
                "bson": "^4.0.3",
                "lodash.clonedeep": "4.5.0",
                "lodash.set": "4.3.2",
                "lodash.unset": "4.5.2"
            }
        },
        "node_modules/@cloudbase/node-sdk": {
            "version": "3.16.0",
            "license": "MIT",
            "dependencies": {
                "@cloudbase/ai": "^2.23.0",
                "@cloudbase/app": "^2.23.0",
                "@cloudbase/database": "1.4.2",
                "@cloudbase/signature-nodejs": "2.2.0",
                "@cloudbase/types": "^2.23.0",
                "@cloudbase/wx-cloud-client-sdk": "1.7.1",
                "agentkeepalive": "^4.3.0",
                "axios": "0.27.2",
                "form-data": "^4.0.0",
                "http-proxy-agent": "^5.0.0",
                "https-proxy-agent": "^5.0.1",
                "jsonwebtoken": "^9.0.2",
                "retry": "^0.13.1",
                "web-streams-polyfill": "^4.2.0",
                "xml2js": "^0.6.2"
            },
            "engines": {
                "node": ">=12"
            }
        },
        "node_modules/@cloudbase/node-sdk/node_modules/xml2js": {
            "version": "0.6.2",
            "resolved": "https://registry.npmjs.org/xml2js/-/xml2js-0.6.2.tgz",
            "integrity": "sha512-T4rieHaC1EXcES0Kxxj4JWgaUQHDk+qwHcYOCFHfiwKz7tOVPLq7Hjq9dM1WCMhylqMEfP7hMcOIChvotiZegA==",
            "license": "MIT",
            "dependencies": {
                "sax": ">=0.6.0",
                "xmlbuilder": "~11.0.0"
            },
            "engines": {
                "node": ">=4.0.0"
            }
        },
        "node_modules/@cloudbase/signature-nodejs": {
            "version": "2.2.0",
            "dependencies": {
                "@types/clone": "^2.1.0",
                "clone": "^2.1.2",
                "is-stream": "^2.0.0",
                "url": "^0.11.0"
            }
        },
        "node_modules/@cloudbase/types": {
            "version": "2.25.4",
            "license": "Apache-2.0",
            "dependencies": {
                "@cloudbase/adapter-interface": "^0.7.1"
            }
        },
        "node_modules/@cloudbase/utilities": {
            "version": "2.25.4",
            "license": "Apache-2.0",
            "dependencies": {
                "@cloudbase/adapter-interface": "^0.7.1",
                "@cloudbase/types": "2.25.4",
                "jwt-decode": "^3.1.2"
            }
        },
        "node_modules/@cloudbase/wx-cloud-client-sdk": {
            "version": "1.7.1",
            "dependencies": {
                "core-js-pure": "^3.45.0"
            }
        },
        "node_modules/@cloudbase/wx-cloud-client-sdk/node_modules/core-js-pure": {
            "version": "3.48.0",
            "resolved": "https://registry.npmjs.org/core-js-pure/-/core-js-pure-3.48.0.tgz",
            "integrity": "sha512-1slJgk89tWC51HQ1AEqG+s2VuwpTRr8ocu4n20QUcH1v9lAN0RXen0Q0AABa/DK1I7RrNWLucplOHMx8hfTGTw==",
            "hasInstallScript": true,
            "license": "MIT",
            "funding": {
                "type": "opencollective",
                "url": "https://opencollective.com/core-js"
            }
        },
        "node_modules/@mattiasbuelens/web-streams-adapter": {
            "version": "0.1.0",
            "license": "MIT",
            "engines": {
                "node": ">= 12"
            }
        },
        "node_modules/@protobufjs/aspromise": {
            "version": "1.1.2",
            "license": "BSD-3-Clause"
        },
        "node_modules/@protobufjs/base64": {
            "version": "1.1.2",
            "license": "BSD-3-Clause"
        },
        "node_modules/@protobufjs/codegen": {
            "version": "2.0.4",
            "license": "BSD-3-Clause"
        },
        "node_modules/@protobufjs/eventemitter": {
            "version": "1.1.0",
            "license": "BSD-3-Clause"
        },
        "node_modules/@protobufjs/fetch": {
            "version": "1.1.0",
            "license": "BSD-3-Clause",
            "dependencies": {
                "@protobufjs/aspromise": "^1.1.1",
                "@protobufjs/inquire": "^1.1.0"
            }
        },
        "node_modules/@protobufjs/float": {
            "version": "1.0.2",
            "license": "BSD-3-Clause"
        },
        "node_modules/@protobufjs/inquire": {
            "version": "1.1.0",
            "license": "BSD-3-Clause"
        },
        "node_modules/@protobufjs/path": {
            "version": "1.1.2",
            "license": "BSD-3-Clause"
        },
        "node_modules/@protobufjs/pool": {
            "version": "1.1.0",
            "license": "BSD-3-Clause"
        },
        "node_modules/@protobufjs/utf8": {
            "version": "1.1.0",
            "license": "BSD-3-Clause"
        },
        "node_modules/@tootallnate/once": {
            "version": "2.0.0",
            "license": "MIT",
            "engines": {
                "node": ">= 10"
            }
        },
        "node_modules/@types/clone": {
            "version": "2.1.4",
            "license": "MIT"
        },
        "node_modules/@types/node": {
            "version": "25.2.0",
            "license": "MIT",
            "dependencies": {
                "undici-types": "~7.16.0"
            }
        },
        "node_modules/agent-base": {
            "version": "6.0.2",
            "license": "MIT",
            "dependencies": {
                "debug": "4"
            },
            "engines": {
                "node": ">= 6.0.0"
            }
        },
        "node_modules/agentkeepalive": {
            "version": "4.6.0",
            "license": "MIT",
            "dependencies": {
                "humanize-ms": "^1.2.1"
            },
            "engines": {
                "node": ">= 8.0.0"
            }
        },
        "node_modules/asynckit": {
            "version": "0.4.0",
            "license": "MIT"
        },
        "node_modules/axios": {
            "version": "0.27.2",
            "license": "MIT",
            "dependencies": {
                "follow-redirects": "^1.14.9",
                "form-data": "^4.0.0"
            }
        },
        "node_modules/base64-js": {
            "version": "1.5.1",
            "funding": [
                {
                    "type": "github",
                    "url": "https://github.com/sponsors/feross"
                },
                {
                    "type": "patreon",
                    "url": "https://www.patreon.com/feross"
                },
                {
                    "type": "consulting",
                    "url": "https://feross.org/support"
                }
            ],
            "license": "MIT"
        },
        "node_modules/bignumber.js": {
            "version": "9.3.1",
            "license": "MIT",
            "engines": {
                "node": "*"
            }
        },
        "node_modules/bson": {
            "version": "4.7.2",
            "license": "Apache-2.0",
            "dependencies": {
                "buffer": "^5.6.0"
            },
            "engines": {
                "node": ">=6.9.0"
            }
        },
        "node_modules/buffer": {
            "version": "5.7.1",
            "funding": [
                {
                    "type": "github",
                    "url": "https://github.com/sponsors/feross"
                },
                {
                    "type": "patreon",
                    "url": "https://www.patreon.com/feross"
                },
                {
                    "type": "consulting",
                    "url": "https://feross.org/support"
                }
            ],
            "license": "MIT",
            "dependencies": {
                "base64-js": "^1.3.1",
                "ieee754": "^1.1.13"
            }
        },
        "node_modules/buffer-equal-constant-time": {
            "version": "1.0.1",
            "license": "BSD-3-Clause"
        },
        "node_modules/call-bind-apply-helpers": {
            "version": "1.0.2",
            "license": "MIT",
            "dependencies": {
                "es-errors": "^1.3.0",
                "function-bind": "^1.1.2"
            },
            "engines": {
                "node": ">= 0.4"
            }
        },
        "node_modules/call-bound": {
            "version": "1.0.4",
            "license": "MIT",
            "dependencies": {
                "call-bind-apply-helpers": "^1.0.2",
                "get-intrinsic": "^1.3.0"
            },
            "engines": {
                "node": ">= 0.4"
            },
            "funding": {
                "url": "https://github.com/sponsors/ljharb"
            }
        },
        "node_modules/clone": {
            "version": "2.1.2",
            "license": "MIT",
            "engines": {
                "node": ">=0.8"
            }
        },
        "node_modules/combined-stream": {
            "version": "1.0.8",
            "license": "MIT",
            "dependencies": {
                "delayed-stream": "~1.0.0"
            },
            "engines": {
                "node": ">= 0.8"
            }
        },
        "node_modules/debug": {
            "version": "4.4.3",
            "license": "MIT",
            "dependencies": {
                "ms": "^2.1.3"
            },
            "engines": {
                "node": ">=6.0"
            },
            "peerDependenciesMeta": {
                "supports-color": {
                    "optional": true
                }
            }
        },
        "node_modules/delayed-stream": {
            "version": "1.0.0",
            "license": "MIT",
            "engines": {
                "node": ">=0.4.0"
            }
        },
        "node_modules/dunder-proto": {
            "version": "1.0.1",
            "license": "MIT",
            "dependencies": {
                "call-bind-apply-helpers": "^1.0.1",
                "es-errors": "^1.3.0",
                "gopd": "^1.2.0"
            },
            "engines": {
                "node": ">= 0.4"
            }
        },
        "node_modules/ecdsa-sig-formatter": {
            "version": "1.0.11",
            "license": "Apache-2.0",
            "dependencies": {
                "safe-buffer": "^5.0.1"
            }
        },
        "node_modules/es-define-property": {
            "version": "1.0.1",
            "license": "MIT",
            "engines": {
                "node": ">= 0.4"
            }
        },
        "node_modules/es-errors": {
            "version": "1.3.0",
            "license": "MIT",
            "engines": {
                "node": ">= 0.4"
            }
        },
        "node_modules/es-object-atoms": {
            "version": "1.1.1",
            "license": "MIT",
            "dependencies": {
                "es-errors": "^1.3.0"
            },
            "engines": {
                "node": ">= 0.4"
            }
        },
        "node_modules/es-set-tostringtag": {
            "version": "2.1.0",
            "license": "MIT",
            "dependencies": {
                "es-errors": "^1.3.0",
                "get-intrinsic": "^1.2.6",
                "has-tostringtag": "^1.0.2",
                "hasown": "^2.0.2"
            },
            "engines": {
                "node": ">= 0.4"
            }
        },
        "node_modules/follow-redirects": {
            "version": "1.15.11",
            "funding": [
                {
                    "type": "individual",
                    "url": "https://github.com/sponsors/RubenVerborgh"
                }
            ],
            "license": "MIT",
            "engines": {
                "node": ">=4.0"
            },
            "peerDependenciesMeta": {
                "debug": {
                    "optional": true
                }
            }
        },
        "node_modules/form-data": {
            "version": "4.0.5",
            "license": "MIT",
            "dependencies": {
                "asynckit": "^0.4.0",
                "combined-stream": "^1.0.8",
                "es-set-tostringtag": "^2.1.0",
                "hasown": "^2.0.2",
                "mime-types": "^2.1.12"
            },
            "engines": {
                "node": ">= 6"
            }
        },
        "node_modules/function-bind": {
            "version": "1.1.2",
            "license": "MIT",
            "funding": {
                "url": "https://github.com/sponsors/ljharb"
            }
        },
        "node_modules/get-intrinsic": {
            "version": "1.3.0",
            "license": "MIT",
            "dependencies": {
                "call-bind-apply-helpers": "^1.0.2",
                "es-define-property": "^1.0.1",
                "es-errors": "^1.3.0",
                "es-object-atoms": "^1.1.1",
                "function-bind": "^1.1.2",
                "get-proto": "^1.0.1",
                "gopd": "^1.2.0",
                "has-symbols": "^1.1.0",
                "hasown": "^2.0.2",
                "math-intrinsics": "^1.1.0"
            },
            "engines": {
                "node": ">= 0.4"
            },
            "funding": {
                "url": "https://github.com/sponsors/ljharb"
            }
        },
        "node_modules/get-proto": {
            "version": "1.0.1",
            "license": "MIT",
            "dependencies": {
                "dunder-proto": "^1.0.1",
                "es-object-atoms": "^1.0.0"
            },
            "engines": {
                "node": ">= 0.4"
            }
        },
        "node_modules/gopd": {
            "version": "1.2.0",
            "license": "MIT",
            "engines": {
                "node": ">= 0.4"
            },
            "funding": {
                "url": "https://github.com/sponsors/ljharb"
            }
        },
        "node_modules/has-symbols": {
            "version": "1.1.0",
            "license": "MIT",
            "engines": {
                "node": ">= 0.4"
            },
            "funding": {
                "url": "https://github.com/sponsors/ljharb"
            }
        },
        "node_modules/has-tostringtag": {
            "version": "1.0.2",
            "license": "MIT",
            "dependencies": {
                "has-symbols": "^1.0.3"
            },
            "engines": {
                "node": ">= 0.4"
            },
            "funding": {
                "url": "https://github.com/sponsors/ljharb"
            }
        },
        "node_modules/hasown": {
            "version": "2.0.2",
            "license": "MIT",
            "dependencies": {
                "function-bind": "^1.1.2"
            },
            "engines": {
                "node": ">= 0.4"
            }
        },
        "node_modules/http-proxy-agent": {
            "version": "5.0.0",
            "license": "MIT",
            "dependencies": {
                "@tootallnate/once": "2",
                "agent-base": "6",
                "debug": "4"
            },
            "engines": {
                "node": ">= 6"
            }
        },
        "node_modules/https-proxy-agent": {
            "version": "5.0.1",
            "license": "MIT",
            "dependencies": {
                "agent-base": "6",
                "debug": "4"
            },
            "engines": {
                "node": ">= 6"
            }
        },
        "node_modules/humanize-ms": {
            "version": "1.2.1",
            "license": "MIT",
            "dependencies": {
                "ms": "^2.0.0"
            }
        },
        "node_modules/ieee754": {
            "version": "1.2.1",
            "funding": [
                {
                    "type": "github",
                    "url": "https://github.com/sponsors/feross"
                },
                {
                    "type": "patreon",
                    "url": "https://www.patreon.com/feross"
                },
                {
                    "type": "consulting",
                    "url": "https://feross.org/support"
                }
            ],
            "license": "BSD-3-Clause"
        },
        "node_modules/is-stream": {
            "version": "2.0.1",
            "license": "MIT",
            "engines": {
                "node": ">=8"
            },
            "funding": {
                "url": "https://github.com/sponsors/sindresorhus"
            }
        },
        "node_modules/json-bigint": {
            "version": "1.0.0",
            "license": "MIT",
            "dependencies": {
                "bignumber.js": "^9.0.0"
            }
        },
        "node_modules/jsonwebtoken": {
            "version": "9.0.3",
            "license": "MIT",
            "dependencies": {
                "jws": "^4.0.1",
                "lodash.includes": "^4.3.0",
                "lodash.isboolean": "^3.0.3",
                "lodash.isinteger": "^4.0.4",
                "lodash.isnumber": "^3.0.3",
                "lodash.isplainobject": "^4.0.6",
                "lodash.isstring": "^4.0.1",
                "lodash.once": "^4.0.0",
                "ms": "^2.1.1",
                "semver": "^7.5.4"
            },
            "engines": {
                "node": ">=12",
                "npm": ">=6"
            }
        },
        "node_modules/jwa": {
            "version": "2.0.1",
            "license": "MIT",
            "dependencies": {
                "buffer-equal-constant-time": "^1.0.1",
                "ecdsa-sig-formatter": "1.0.11",
                "safe-buffer": "^5.0.1"
            }
        },
        "node_modules/jws": {
            "version": "4.0.1",
            "license": "MIT",
            "dependencies": {
                "jwa": "^2.0.1",
                "safe-buffer": "^5.0.1"
            }
        },
        "node_modules/jwt-decode": {
            "version": "3.1.2",
            "license": "MIT"
        },
        "node_modules/lodash.clonedeep": {
            "version": "4.5.0",
            "license": "MIT"
        },
        "node_modules/lodash.includes": {
            "version": "4.3.0",
            "license": "MIT"
        },
        "node_modules/lodash.isboolean": {
            "version": "3.0.3",
            "license": "MIT"
        },
        "node_modules/lodash.isinteger": {
            "version": "4.0.4",
            "license": "MIT"
        },
        "node_modules/lodash.isnumber": {
            "version": "3.0.3",
            "license": "MIT"
        },
        "node_modules/lodash.isplainobject": {
            "version": "4.0.6",
            "license": "MIT"
        },
        "node_modules/lodash.isstring": {
            "version": "4.0.1",
            "license": "MIT"
        },
        "node_modules/lodash.once": {
            "version": "4.1.1",
            "license": "MIT"
        },
        "node_modules/lodash.set": {
            "version": "4.3.2",
            "license": "MIT"
        },
        "node_modules/lodash.unset": {
            "version": "4.5.2",
            "license": "MIT"
        },
        "node_modules/long": {
            "version": "5.3.2",
            "license": "Apache-2.0"
        },
        "node_modules/math-intrinsics": {
            "version": "1.1.0",
            "license": "MIT",
            "engines": {
                "node": ">= 0.4"
            }
        },
        "node_modules/mime-db": {
            "version": "1.52.0",
            "license": "MIT",
            "engines": {
                "node": ">= 0.6"
            }
        },
        "node_modules/mime-types": {
            "version": "2.1.35",
            "license": "MIT",
            "dependencies": {
                "mime-db": "1.52.0"
            },
            "engines": {
                "node": ">= 0.6"
            }
        },
        "node_modules/ms": {
            "version": "2.1.3",
            "license": "MIT"
        },
        "node_modules/object-inspect": {
            "version": "1.13.4",
            "license": "MIT",
            "engines": {
                "node": ">= 0.4"
            },
            "funding": {
                "url": "https://github.com/sponsors/ljharb"
            }
        },
        "node_modules/protobufjs": {
            "version": "7.5.4",
            "hasInstallScript": true,
            "license": "BSD-3-Clause",
            "dependencies": {
                "@protobufjs/aspromise": "^1.1.2",
                "@protobufjs/base64": "^1.1.2",
                "@protobufjs/codegen": "^2.0.4",
                "@protobufjs/eventemitter": "^1.1.0",
                "@protobufjs/fetch": "^1.1.0",
                "@protobufjs/float": "^1.0.2",
                "@protobufjs/inquire": "^1.1.0",
                "@protobufjs/path": "^1.1.2",
                "@protobufjs/pool": "^1.1.0",
                "@protobufjs/utf8": "^1.1.0",
                "@types/node": ">=13.7.0",
                "long": "^5.0.0"
            },
            "engines": {
                "node": ">=12.0.0"
            }
        },
        "node_modules/punycode": {
            "version": "1.4.1",
            "license": "MIT"
        },
        "node_modules/qs": {
            "version": "6.14.1",
            "license": "BSD-3-Clause",
            "dependencies": {
                "side-channel": "^1.1.0"
            },
            "engines": {
                "node": ">=0.6"
            },
            "funding": {
                "url": "https://github.com/sponsors/ljharb"
            }
        },
        "node_modules/retry": {
            "version": "0.13.1",
            "license": "MIT",
            "engines": {
                "node": ">= 4"
            }
        },
        "node_modules/safe-buffer": {
            "version": "5.2.1",
            "funding": [
                {
                    "type": "github",
                    "url": "https://github.com/sponsors/feross"
                },
                {
                    "type": "patreon",
                    "url": "https://www.patreon.com/feross"
                },
                {
                    "type": "consulting",
                    "url": "https://feross.org/support"
                }
            ],
            "license": "MIT"
        },
        "node_modules/sax": {
            "version": "1.4.4",
            "license": "BlueOak-1.0.0",
            "engines": {
                "node": ">=11.0.0"
            }
        },
        "node_modules/semver": {
            "version": "7.7.3",
            "license": "ISC",
            "bin": {
                "semver": "bin/semver.js"
            },
            "engines": {
                "node": ">=10"
            }
        },
        "node_modules/side-channel": {
            "version": "1.1.0",
            "license": "MIT",
            "dependencies": {
                "es-errors": "^1.3.0",
                "object-inspect": "^1.13.3",
                "side-channel-list": "^1.0.0",
                "side-channel-map": "^1.0.1",
                "side-channel-weakmap": "^1.0.2"
            },
            "engines": {
                "node": ">= 0.4"
            },
            "funding": {
                "url": "https://github.com/sponsors/ljharb"
            }
        },
        "node_modules/side-channel-list": {
            "version": "1.0.0",
            "license": "MIT",
            "dependencies": {
                "es-errors": "^1.3.0",
                "object-inspect": "^1.13.3"
            },
            "engines": {
                "node": ">= 0.4"
            },
            "funding": {
                "url": "https://github.com/sponsors/ljharb"
            }
        },
        "node_modules/side-channel-map": {
            "version": "1.0.1",
            "license": "MIT",
            "dependencies": {
                "call-bound": "^1.0.2",
                "es-errors": "^1.3.0",
                "get-intrinsic": "^1.2.5",
                "object-inspect": "^1.13.3"
            },
            "engines": {
                "node": ">= 0.4"
            },
            "funding": {
                "url": "https://github.com/sponsors/ljharb"
            }
        },
        "node_modules/side-channel-weakmap": {
            "version": "1.0.2",
            "license": "MIT",
            "dependencies": {
                "call-bound": "^1.0.2",
                "es-errors": "^1.3.0",
                "get-intrinsic": "^1.2.5",
                "object-inspect": "^1.13.3",
                "side-channel-map": "^1.0.1"
            },
            "engines": {
                "node": ">= 0.4"
            },
            "funding": {
                "url": "https://github.com/sponsors/ljharb"
            }
        },
        "node_modules/text-encoding-shim": {
            "version": "1.0.5",
            "license": "MIT"
        },
        "node_modules/tslib": {
            "version": "1.14.1",
            "license": "0BSD"
        },
        "node_modules/undici-types": {
            "version": "7.16.0",
            "license": "MIT"
        },
        "node_modules/url": {
            "version": "0.11.4",
            "license": "MIT",
            "dependencies": {
                "punycode": "^1.4.1",
                "qs": "^6.12.3"
            },
            "engines": {
                "node": ">= 0.4"
            }
        },
        "node_modules/web-streams-polyfill": {
            "version": "4.2.0",
            "license": "MIT",
            "workspaces": [
                "test/benchmark-test",
                "test/rollup-test",
                "test/webpack-test"
            ],
            "engines": {
                "node": ">= 8"
            }
        },
        "node_modules/wx-server-sdk": {
            "version": "3.0.2",
            "resolved": "https://registry.npmjs.org/wx-server-sdk/-/wx-server-sdk-3.0.2.tgz",
            "integrity": "sha512-VJMdFOliSEo2EYhJdAVBfrmF/ZIVdaxkfuLivMYeGeo7qET6CBqAiJiJQqL5mIDTngYjLRGNbpWACid2Pob0Mw==",
            "license": "MIT",
            "dependencies": {
                "@cloudbase/node-sdk": "3.16.0",
                "json-bigint": "^1.0.0",
                "protobufjs": "^7.2.4",
                "tslib": "^1.9.3"
            }
        },
        "node_modules/xmlbuilder": {
            "version": "11.0.1",
            "license": "MIT",
            "engines": {
                "node": ">=4.0"
            }
        }
    }
}
